
Microsoft Visual Studio Solution File, Format Version 12.00
# Visual Studio 2013
VisualStudioVersion = 12.0.21005.1
MinimumVisualStudioVersion = 10.0.40219.1
Project("{FAE04EC0-301F-11D3-BF4B-00C04F79EFBC}") = "GameTest2", "GameTest2\GameTest2.csproj", "{1C391F62-15F8-44E6-8FB0-A5D9814BB46D}"
EndProject
Project("{FAE04EC0-301F-11D3-BF4B-00C04F79EFBC}") = "UserControlLibrary", "UserControlLibrary\UserControlLibrary.csproj", "{04D595B0-81D2-4E42-B705-60E36059717D}"
EndProject
Project("{FAE04EC0-301F-11D3-BF4B-00C04F79EFBC}") = "ClassLibrary", "ClassLibrary\ClassLibrary.csproj", "{10579DA8-53D2-4AA1-9BC9-26621D252A8E}"
EndProject
Project("{FAE04EC0-301F-11D3-BF4B-00C04F79EFBC}") = "ResourcesProject", "ResourcesProject\ResourcesProject.csproj", "{4E85C3F4-2F79-4F50-B74A-359D6A7FEFE2}"
EndProject
Global
	GlobalSection(SolutionConfigurationPlatforms) = preSolution
		Debug|Any CPU = Debug|Any CPU
		Release|Any CPU = Release|Any CPU
	EndGlobalSection
	GlobalSection(ProjectConfigurationPlatforms) = postSolution
		{1C391F62-15F8-44E6-8FB0-A5D9814BB46D}.Debug|Any CPU.ActiveCfg = Debug|Any CPU
		{1C391F62-15F8-44E6-8FB0-A5D9814BB46D}.Debug|Any CPU.Build.0 = Debug|Any CPU
		{1C391F62-15F8-44E6-8FB0-A5D9814BB46D}.Release|Any CPU.ActiveCfg = Release|Any CPU
		{1C391F62-15F8-44E6-8FB0-A5D9814BB46D}.Release|Any CPU.Build.0 = Release|Any CPU
		{04D595B0-81D2-4E42-B705-60E36059717D}.Debug|Any CPU.ActiveCfg = Debug|Any CPU
		{04D595B0-81D2-4E42-B705-60E36059717D}.Debug|Any CPU.Build.0 = Debug|Any CPU
		{04D595B0-81D2-4E42-B705-60E36059717D}.Release|Any CPU.ActiveCfg = Release|Any CPU
		{04D595B0-81D2-4E42-B705-60E36059717D}.Release|Any CPU.Build.0 = Release|Any CPU
		{10579DA8-53D2-4AA1-9BC9-26621D252A8E}.Debug|Any CPU.ActiveCfg = Debug|Any CPU
		{10579DA8-53D2-4AA1-9BC9-26621D252A8E}.Debug|Any CPU.Build.0 = Debug|Any CPU
		{10579DA8-53D2-4AA1-9BC9-26621D252A8E}.Release|Any CPU.ActiveCfg = Release|Any CPU
		{10579DA8-53D2-4AA1-9BC9-26621D252A8E}.Release|Any CPU.Build.0 = Release|Any CPU
		{4E85C3F4-2F79-4F50-B74A-359D6A7FEFE2}.Debug|Any CPU.ActiveCfg = Debug|Any CPU
		{4E85C3F4-2F79-4F50-B74A-359D6A7FEFE2}.Debug|Any CPU.Build.0 = Debug|Any CPU
		{4E85C3F4-2F79-4F50-B74A-359D6A7FEFE2}.Release|Any CPU.ActiveCfg = Release|Any CPU
		{4E85C3F4-2F79-4F50-B74A-359D6A7FEFE2}.Release|Any CPU.Build.0 = Release|Any CPU
	EndGlobalSection
	GlobalSection(SolutionProperties) = preSolution
		HideSolutionNode = FALSE
	EndGlobalSection
EndGlobal
