
Microsoft Visual Studio Solution File, Format Version 12.00
# Visual Studio 2012
Project("{FAE04EC0-301F-11D3-BF4B-00C04F79EFBC}") = "GameTest2", "GameTest2\GameTest2.csproj", "{1C391F62-15F8-44E6-8FB0-A5D9814BB46D}"
EndProject
Global
	GlobalSection(SolutionConfigurationPlatforms) = preSolution
		Debug|Any CPU = Debug|Any CPU
		Release|Any CPU = Release|Any CPU
	EndGlobalSection
	GlobalSection(ProjectConfigurationPlatforms) = postSolution
		{1C391F62-15F8-44E6-8FB0-A5D9814BB46D}.Debug|Any CPU.ActiveCfg = Debug|Any CPU
		{1C391F62-15F8-44E6-8FB0-A5D9814BB46D}.Debug|Any CPU.Build.0 = Debug|Any CPU
		{1C391F62-15F8-44E6-8FB0-A5D9814BB46D}.Release|Any CPU.ActiveCfg = Release|Any CPU
		{1C391F62-15F8-44E6-8FB0-A5D9814BB46D}.Release|Any CPU.Build.0 = Release|Any CPU
	EndGlobalSection
	GlobalSection(SolutionProperties) = preSolution
		HideSolutionNode = FALSE
	EndGlobalSection
EndGlobal
